
Microsoft Visual Studio Solution File, Format Version 12.00
# Visual Studio Version 17
VisualStudioVersion = 17.12.35527.113 d17.12
MinimumVisualStudioVersion = 10.0.40219.1
Project("{FAE04EC0-301F-11D3-BF4B-00C04F79EFBC}") = "Shark-Tech.API", "Shark-Tech.API\Shark-Tech.API.csproj", "{C0EC3DAF-2C3D-4898-9563-113229CDA6A6}"
EndProject
Project("{FAE04EC0-301F-11D3-BF4B-00C04F79EFBC}") = "Shark-Tech.DAL", "Shark-Tech.DAL\Shark-Tech.DAL.csproj", "{1CA3EC69-6EF3-4A1D-BCF3-C50BB637B6D4}"
EndProject
Project("{FAE04EC0-301F-11D3-BF4B-00C04F79EFBC}") = "Shark-Tech.BL", "Shark-Tech.BL\Shark-Tech.BL.csproj", "{B055F657-8698-4959-BCF5-8DEE0E8FAD1D}"
EndProject
Global
	GlobalSection(SolutionConfigurationPlatforms) = preSolution
		Debug|Any CPU = Debug|Any CPU
		Release|Any CPU = Release|Any CPU
	EndGlobalSection
	GlobalSection(ProjectConfigurationPlatforms) = postSolution
		{C0EC3DAF-2C3D-4898-9563-113229CDA6A6}.Debug|Any CPU.ActiveCfg = Debug|Any CPU
		{C0EC3DAF-2C3D-4898-9563-113229CDA6A6}.Debug|Any CPU.Build.0 = Debug|Any CPU
		{C0EC3DAF-2C3D-4898-9563-113229CDA6A6}.Release|Any CPU.ActiveCfg = Release|Any CPU
		{C0EC3DAF-2C3D-4898-9563-113229CDA6A6}.Release|Any CPU.Build.0 = Release|Any CPU
		{1CA3EC69-6EF3-4A1D-BCF3-C50BB637B6D4}.Debug|Any CPU.ActiveCfg = Debug|Any CPU
		{1CA3EC69-6EF3-4A1D-BCF3-C50BB637B6D4}.Debug|Any CPU.Build.0 = Debug|Any CPU
		{1CA3EC69-6EF3-4A1D-BCF3-C50BB637B6D4}.Release|Any CPU.ActiveCfg = Release|Any CPU
		{1CA3EC69-6EF3-4A1D-BCF3-C50BB637B6D4}.Release|Any CPU.Build.0 = Release|Any CPU
		{B055F657-8698-4959-BCF5-8DEE0E8FAD1D}.Debug|Any CPU.ActiveCfg = Debug|Any CPU
		{B055F657-8698-4959-BCF5-8DEE0E8FAD1D}.Debug|Any CPU.Build.0 = Debug|Any CPU
		{B055F657-8698-4959-BCF5-8DEE0E8FAD1D}.Release|Any CPU.ActiveCfg = Release|Any CPU
		{B055F657-8698-4959-BCF5-8DEE0E8FAD1D}.Release|Any CPU.Build.0 = Release|Any CPU
	EndGlobalSection
	GlobalSection(SolutionProperties) = preSolution
		HideSolutionNode = FALSE
	EndGlobalSection
EndGlobal
